
Microsoft Visual Studio Solution File, Format Version 12.00
# Visual Studio Version 17
VisualStudioVersion = 17.1.32414.318
MinimumVisualStudioVersion = 10.0.40219.1
Project("{888888A0-9F3D-457C-B088-3A5042F75D52}") = "Lista4Zadanie3", "Lista4Zadanie3.pyproj", "{DD01AC69-1797-44A7-9CB7-AF58A9E3DB7D}"
EndProject
Global
	GlobalSection(SolutionConfigurationPlatforms) = preSolution
		Debug|Any CPU = Debug|Any CPU
		Release|Any CPU = Release|Any CPU
	EndGlobalSection
	GlobalSection(ProjectConfigurationPlatforms) = postSolution
		{DD01AC69-1797-44A7-9CB7-AF58A9E3DB7D}.Debug|Any CPU.ActiveCfg = Debug|Any CPU
		{DD01AC69-1797-44A7-9CB7-AF58A9E3DB7D}.Release|Any CPU.ActiveCfg = Release|Any CPU
	EndGlobalSection
	GlobalSection(SolutionProperties) = preSolution
		HideSolutionNode = FALSE
	EndGlobalSection
	GlobalSection(ExtensibilityGlobals) = postSolution
		SolutionGuid = {99593F0D-C9FD-4037-8D27-C170C699333D}
	EndGlobalSection
EndGlobal
